{
  "name": "turbochatter",
  "version": "1.0.0",
  "lockfileVersion": 2,
  "requires": true,
  "packages": {
    "": {
      "version": "1.0.0",
      "dependencies": {
        "@hotwired/stimulus": "^3.2.0"
      }
    },
    "node_modules/@hotwired/stimulus": {
      "version": "3.2.0",
      "resolved": "https://registry.npmjs.org/@hotwired/stimulus/-/stimulus-3.2.0.tgz",
      "integrity": "sha512-uAIIdg049qId0lBhyjuMBfcC5uV8JwbhNLoxEyi9vxM3MW6h+mM97G9rNT4ZZMiqnKK9XUHp9SQUrd9rSLEmpQ=="
    }
  },
  "dependencies": {
    "@hotwired/stimulus": {
      "version": "3.2.0",
      "resolved": "https://registry.npmjs.org/@hotwired/stimulus/-/stimulus-3.2.0.tgz",
      "integrity": "sha512-uAIIdg049qId0lBhyjuMBfcC5uV8JwbhNLoxEyi9vxM3MW6h+mM97G9rNT4ZZMiqnKK9XUHp9SQUrd9rSLEmpQ=="
    }
  }
}
