# THIS IS AN AUTOGENERATED FILE. DO NOT EDIT THIS FILE DIRECTLY.
# yarn lockfile v1


"@hotwired/stimulus@^3.2.0":
  version "3.2.0"
  resolved "https://registry.npmjs.org/@hotwired/stimulus/-/stimulus-3.2.0.tgz"
  integrity sha512-uAIIdg049qId0lBhyjuMBfcC5uV8JwbhNLoxEyi9vxM3MW6h+mM97G9rNT4ZZMiqnKK9XUHp9SQUrd9rSLEmpQ==

"@rails/activestorage@^7.0.4":
  version "7.0.4"
  resolved "https://registry.npmjs.org/@rails/activestorage/-/activestorage-7.0.4.tgz"
  integrity sha512-K2fV9C0z88fapu58nt9uHzMylsmJWUFuaIFvuZQEf1WTiPMsgTsj1bf8+cD81zXfTXYMZDQNRq4164JmuBKD3A==
  dependencies:
    spark-md5 "^3.0.1"

hotkeys-js@>=3:
  version "3.10.1"
  resolved "https://registry.npmjs.org/hotkeys-js/-/hotkeys-js-3.10.1.tgz"
  integrity sha512-mshqjgTqx8ee0qryHvRgZaZDxTwxam/2yTQmQlqAWS3+twnq1jsY9Yng9zB7lWq6WRrjTbTOc7knNwccXQiAjQ==

spark-md5@^3.0.1:
  version "3.0.2"
  resolved "https://registry.npmjs.org/spark-md5/-/spark-md5-3.0.2.tgz"
  integrity sha512-wcFzz9cDfbuqe0FZzfi2or1sgyIrsDwmPwfZC4hiNidPdPINjeUwNfv5kldczoEAcjl9Y1L3SM7Uz2PUEQzxQw==

stimulus-use@^0.51.1:
  version "0.51.1"
  resolved "https://registry.npmjs.org/stimulus-use/-/stimulus-use-0.51.1.tgz"
  integrity sha512-e7yEDHWz1GrDWwTc1y1Nnz62HPjELRAfn5q1JSCpTj1wHCCs4NNRUR14oZ08xxlp/4bjrgApMOKRkMPKA2TmVg==
  dependencies:
    hotkeys-js ">=3"
