# THIS IS AN AUTOGENERATED FILE. DO NOT EDIT THIS FILE DIRECTLY.
# yarn lockfile v1


"@hotwired/stimulus@^3.2.0":
  version "3.2.1"
  resolved "https://registry.yarnpkg.com/@hotwired/stimulus/-/stimulus-3.2.1.tgz#e3de23623b0c52c247aba4cd5d530d257008676b"
  integrity sha512-HGlzDcf9vv/EQrMJ5ZG6VWNs8Z/xMN+1o2OhV1gKiSG6CqZt5MCBB1gRg5ILiN3U0jEAxuDTNPRfBcnZBDmupQ==

"@rails/activestorage@^7.0.4":
  version "7.0.4"
  resolved "https://registry.yarnpkg.com/@rails/activestorage/-/activestorage-7.0.4.tgz#56bc3052f60e8867b40a87ed5ff3c0afe536643e"
  integrity sha512-K2fV9C0z88fapu58nt9uHzMylsmJWUFuaIFvuZQEf1WTiPMsgTsj1bf8+cD81zXfTXYMZDQNRq4164JmuBKD3A==
  dependencies:
    spark-md5 "^3.0.1"

hotkeys-js@>=3:
  version "3.10.1"
  resolved "https://registry.yarnpkg.com/hotkeys-js/-/hotkeys-js-3.10.1.tgz#0c67e72298f235c9200e421ab112d156dc81356a"
  integrity sha512-mshqjgTqx8ee0qryHvRgZaZDxTwxam/2yTQmQlqAWS3+twnq1jsY9Yng9zB7lWq6WRrjTbTOc7knNwccXQiAjQ==

spark-md5@^3.0.1:
  version "3.0.2"
  resolved "https://registry.yarnpkg.com/spark-md5/-/spark-md5-3.0.2.tgz#7952c4a30784347abcee73268e473b9c0167e3fc"
  integrity sha512-wcFzz9cDfbuqe0FZzfi2or1sgyIrsDwmPwfZC4hiNidPdPINjeUwNfv5kldczoEAcjl9Y1L3SM7Uz2PUEQzxQw==

stimulus-use@^0.51.1:
  version "0.51.1"
  resolved "https://registry.yarnpkg.com/stimulus-use/-/stimulus-use-0.51.1.tgz#55e775eee26d583ee4bdb4427d58979885408ebe"
  integrity sha512-e7yEDHWz1GrDWwTc1y1Nnz62HPjELRAfn5q1JSCpTj1wHCCs4NNRUR14oZ08xxlp/4bjrgApMOKRkMPKA2TmVg==
  dependencies:
    hotkeys-js ">=3"
