# THIS IS AN AUTOGENERATED FILE. DO NOT EDIT THIS FILE DIRECTLY.
# yarn lockfile v1


"@hotwired/stimulus@^3.2.0":
  version "3.2.1"
  resolved "https://registry.yarnpkg.com/@hotwired/stimulus/-/stimulus-3.2.1.tgz#e3de23623b0c52c247aba4cd5d530d257008676b"
  integrity sha512-HGlzDcf9vv/EQrMJ5ZG6VWNs8Z/xMN+1o2OhV1gKiSG6CqZt5MCBB1gRg5ILiN3U0jEAxuDTNPRfBcnZBDmupQ==

hotkeys-js@>=3:
  version "3.10.1"
  resolved "https://registry.yarnpkg.com/hotkeys-js/-/hotkeys-js-3.10.1.tgz#0c67e72298f235c9200e421ab112d156dc81356a"
  integrity sha512-mshqjgTqx8ee0qryHvRgZaZDxTwxam/2yTQmQlqAWS3+twnq1jsY9Yng9zB7lWq6WRrjTbTOc7knNwccXQiAjQ==

stimulus-use@^0.51.1:
  version "0.51.1"
  resolved "https://registry.yarnpkg.com/stimulus-use/-/stimulus-use-0.51.1.tgz#55e775eee26d583ee4bdb4427d58979885408ebe"
  integrity sha512-e7yEDHWz1GrDWwTc1y1Nnz62HPjELRAfn5q1JSCpTj1wHCCs4NNRUR14oZ08xxlp/4bjrgApMOKRkMPKA2TmVg==
  dependencies:
    hotkeys-js ">=3"
